
Microsoft Visual Studio Solution File, Format Version 12.00
# Visual Studio 14
VisualStudioVersion = 14.0.24720.0
MinimumVisualStudioVersion = 10.0.40219.1
Project("{FAE04EC0-301F-11D3-BF4B-00C04F79EFBC}") = "DemoWebApp", "DemoWebApp\DemoWebApp.csproj", "{D67A2354-5591-4A90-8D6C-2834E64D757B}"
EndProject
Global
	GlobalSection(SolutionConfigurationPlatforms) = preSolution
		Debug|Any CPU = Debug|Any CPU
		Release|Any CPU = Release|Any CPU
	EndGlobalSection
	GlobalSection(ProjectConfigurationPlatforms) = postSolution
		{D67A2354-5591-4A90-8D6C-2834E64D757B}.Debug|Any CPU.ActiveCfg = Debug|Any CPU
		{D67A2354-5591-4A90-8D6C-2834E64D757B}.Debug|Any CPU.Build.0 = Debug|Any CPU
		{D67A2354-5591-4A90-8D6C-2834E64D757B}.Release|Any CPU.ActiveCfg = Release|Any CPU
		{D67A2354-5591-4A90-8D6C-2834E64D757B}.Release|Any CPU.Build.0 = Release|Any CPU
	EndGlobalSection
	GlobalSection(SolutionProperties) = preSolution
		HideSolutionNode = FALSE
	EndGlobalSection
EndGlobal
